// !$*UTF8*$!
{
	archiveVersion = 1;
	classes = {
	};
	objectVersion = 46;
	objects = {

/* Begin PBXBuildFile section */
		CA0BC1D51F616487003A7235 /* IconCell.swift in Sources */ = {isa = PBXBuildFile; fileRef = CA0BC1D31F616487003A7235 /* IconCell.swift */; };
		CA0BC1D61F616487003A7235 /* IconCell.xib in Resources */ = {isa = PBXBuildFile; fileRef = CA0BC1D41F616487003A7235 /* IconCell.xib */; };
		CADC908F1F61339200C050DB /* AppDelegate.swift in Sources */ = {isa = PBXBuildFile; fileRef = CADC90801F61339200C050DB /* AppDelegate.swift */; };
		CADC90901F61339200C050DB /* Assets.xcassets in Resources */ = {isa = PBXBuildFile; fileRef = CADC90811F61339200C050DB /* Assets.xcassets */; };
		CADC90911F61339200C050DB /* LaunchScreen.storyboard in Resources */ = {isa = PBXBuildFile; fileRef = CADC90821F61339200C050DB /* LaunchScreen.storyboard */; };
		CADC90921F61339200C050DB /* TopCell.swift in Sources */ = {isa = PBXBuildFile; fileRef = CADC90851F61339200C050DB /* TopCell.swift */; };
		CADC90931F61339200C050DB /* TopCell.xib in Resources */ = {isa = PBXBuildFile; fileRef = CADC90861F61339200C050DB /* TopCell.xib */; };
		CADC90941F61339200C050DB /* Info.plist in Resources */ = {isa = PBXBuildFile; fileRef = CADC90871F61339200C050DB /* Info.plist */; };
		CADC90951F61339200C050DB /* Main.storyboard in Resources */ = {isa = PBXBuildFile; fileRef = CADC90891F61339200C050DB /* Main.storyboard */; };
		CADC90961F61339200C050DB /* IconView.swift in Sources */ = {isa = PBXBuildFile; fileRef = CADC908B1F61339200C050DB /* IconView.swift */; };
		CADC90971F61339200C050DB /* IconView.xib in Resources */ = {isa = PBXBuildFile; fileRef = CADC908C1F61339200C050DB /* IconView.xib */; };
		CADC90981F61339200C050DB /* ViewController.swift in Sources */ = {isa = PBXBuildFile; fileRef = CADC908E1F61339200C050DB /* ViewController.swift */; };
/* End PBXBuildFile section */

/* Begin PBXFileReference section */
		CA0BC1D31F616487003A7235 /* IconCell.swift */ = {isa = PBXFileReference; fileEncoding = 4; lastKnownFileType = sourcecode.swift; path = IconCell.swift; sourceTree = "<group>"; };
		CA0BC1D41F616487003A7235 /* IconCell.xib */ = {isa = PBXFileReference; fileEncoding = 4; lastKnownFileType = file.xib; path = IconCell.xib; sourceTree = "<group>"; };
		CA43119D1E4DB75F0053C8FC /* oikawa-fight.app */ = {isa = PBXFileReference; explicitFileType = wrapper.application; includeInIndex = 0; path = "oikawa-fight.app"; sourceTree = BUILT_PRODUCTS_DIR; };
		CADC90801F61339200C050DB /* AppDelegate.swift */ = {isa = PBXFileReference; fileEncoding = 4; lastKnownFileType = sourcecode.swift; path = AppDelegate.swift; sourceTree = "<group>"; };
		CADC90811F61339200C050DB /* Assets.xcassets */ = {isa = PBXFileReference; lastKnownFileType = folder.assetcatalog; path = Assets.xcassets; sourceTree = "<group>"; };
		CADC90831F61339200C050DB /* Base */ = {isa = PBXFileReference; lastKnownFileType = file.storyboard; name = Base; path = Base.lproj/LaunchScreen.storyboard; sourceTree = "<group>"; };
		CADC90851F61339200C050DB /* TopCell.swift */ = {isa = PBXFileReference; fileEncoding = 4; lastKnownFileType = sourcecode.swift; path = TopCell.swift; sourceTree = "<group>"; };
		CADC90861F61339200C050DB /* TopCell.xib */ = {isa = PBXFileReference; fileEncoding = 4; lastKnownFileType = file.xib; path = TopCell.xib; sourceTree = "<group>"; };
		CADC90871F61339200C050DB /* Info.plist */ = {isa = PBXFileReference; fileEncoding = 4; lastKnownFileType = text.plist.xml; path = Info.plist; sourceTree = "<group>"; };
		CADC90891F61339200C050DB /* Main.storyboard */ = {isa = PBXFileReference; fileEncoding = 4; lastKnownFileType = file.storyboard; path = Main.storyboard; sourceTree = "<group>"; };
		CADC908B1F61339200C050DB /* IconView.swift */ = {isa = PBXFileReference; fileEncoding = 4; lastKnownFileType = sourcecode.swift; path = IconView.swift; sourceTree = "<group>"; };
		CADC908C1F61339200C050DB /* IconView.xib */ = {isa = PBXFileReference; fileEncoding = 4; lastKnownFileType = file.xib; path = IconView.xib; sourceTree = "<group>"; };
		CADC908E1F61339200C050DB /* ViewController.swift */ = {isa = PBXFileReference; fileEncoding = 4; lastKnownFileType = sourcecode.swift; path = ViewController.swift; sourceTree = "<group>"; };
/* End PBXFileReference section */

/* Begin PBXFrameworksBuildPhase section */
		CA43119A1E4DB75F0053C8FC /* Frameworks */ = {
			isa = PBXFrameworksBuildPhase;
			buildActionMask = 2147483647;
			files = (
			);
			runOnlyForDeploymentPostprocessing = 0;
		};
/* End PBXFrameworksBuildPhase section */

/* Begin PBXGroup section */
		CA4311941E4DB75F0053C8FC = {
			isa = PBXGroup;
			children = (
				CADC907F1F61339200C050DB /* oikawa-fight */,
				CA43119E1E4DB75F0053C8FC /* Products */,
			);
			sourceTree = "<group>";
		};
		CA43119E1E4DB75F0053C8FC /* Products */ = {
			isa = PBXGroup;
			children = (
				CA43119D1E4DB75F0053C8FC /* oikawa-fight.app */,
			);
			name = Products;
			sourceTree = "<group>";
		};
		CADC907F1F61339200C050DB /* oikawa-fight */ = {
			isa = PBXGroup;
			children = (
				CADC90801F61339200C050DB /* AppDelegate.swift */,
				CADC90811F61339200C050DB /* Assets.xcassets */,
				CADC90821F61339200C050DB /* LaunchScreen.storyboard */,
				CADC90871F61339200C050DB /* Info.plist */,
				CADC90841F61339200C050DB /* Cell */,
				CADC90881F61339200C050DB /* storyboard */,
				CADC908A1F61339200C050DB /* View */,
				CADC908D1F61339200C050DB /* viewController */,
			);
			path = "oikawa-fight";
			sourceTree = "<group>";
		};
		CADC90841F61339200C050DB /* Cell */ = {
			isa = PBXGroup;
			children = (
				CADC90851F61339200C050DB /* TopCell.swift */,
				CADC90861F61339200C050DB /* TopCell.xib */,
				CA0BC1D31F616487003A7235 /* IconCell.swift */,
				CA0BC1D41F616487003A7235 /* IconCell.xib */,
			);
			path = Cell;
			sourceTree = "<group>";
		};
		CADC90881F61339200C050DB /* storyboard */ = {
			isa = PBXGroup;
			children = (
				CADC90891F61339200C050DB /* Main.storyboard */,
			);
			path = storyboard;
			sourceTree = "<group>";
		};
		CADC908A1F61339200C050DB /* View */ = {
			isa = PBXGroup;
			children = (
				CADC908B1F61339200C050DB /* IconView.swift */,
				CADC908C1F61339200C050DB /* IconView.xib */,
			);
			path = View;
			sourceTree = "<group>";
		};
		CADC908D1F61339200C050DB /* viewController */ = {
			isa = PBXGroup;
			children = (
				CADC908E1F61339200C050DB /* ViewController.swift */,
			);
			path = viewController;
			sourceTree = "<group>";
		};
/* End PBXGroup section */

/* Begin PBXNativeTarget section */
		CA43119C1E4DB75F0053C8FC /* oikawa-fight */ = {
			isa = PBXNativeTarget;
			buildConfigurationList = CA4311AF1E4DB75F0053C8FC /* Build configuration list for PBXNativeTarget "oikawa-fight" */;
			buildPhases = (
				CA4311991E4DB75F0053C8FC /* Sources */,
				CA43119A1E4DB75F0053C8FC /* Frameworks */,
				CA43119B1E4DB75F0053C8FC /* Resources */,
			);
			buildRules = (
			);
			dependencies = (
			);
			name = "oikawa-fight";
			productName = "oikawa-fight";
			productReference = CA43119D1E4DB75F0053C8FC /* oikawa-fight.app */;
			productType = "com.apple.product-type.application";
		};
/* End PBXNativeTarget section */

/* Begin PBXProject section */
		CA4311951E4DB75F0053C8FC /* Project object */ = {
			isa = PBXProject;
			attributes = {
				LastSwiftUpdateCheck = 0820;
				LastUpgradeCheck = 0820;
				ORGANIZATIONNAME = oikawa;
				TargetAttributes = {
					CA43119C1E4DB75F0053C8FC = {
						CreatedOnToolsVersion = 8.2.1;
						DevelopmentTeam = 8WST4EHM45;
						ProvisioningStyle = Automatic;
					};
				};
			};
			buildConfigurationList = CA4311981E4DB75F0053C8FC /* Build configuration list for PBXProject "oikawa-fight" */;
			compatibilityVersion = "Xcode 3.2";
			developmentRegion = English;
			hasScannedForEncodings = 0;
			knownRegions = (
				en,
				Base,
			);
			mainGroup = CA4311941E4DB75F0053C8FC;
			productRefGroup = CA43119E1E4DB75F0053C8FC /* Products */;
			projectDirPath = "";
			projectRoot = "";
			targets = (
				CA43119C1E4DB75F0053C8FC /* oikawa-fight */,
			);
		};
/* End PBXProject section */

/* Begin PBXResourcesBuildPhase section */
		CA43119B1E4DB75F0053C8FC /* Resources */ = {
			isa = PBXResourcesBuildPhase;
			buildActionMask = 2147483647;
			files = (
				CADC90941F61339200C050DB /* Info.plist in Resources */,
				CADC90971F61339200C050DB /* IconView.xib in Resources */,
				CADC90951F61339200C050DB /* Main.storyboard in Resources */,
				CADC90931F61339200C050DB /* TopCell.xib in Resources */,
				CADC90901F61339200C050DB /* Assets.xcassets in Resources */,
				CA0BC1D61F616487003A7235 /* IconCell.xib in Resources */,
				CADC90911F61339200C050DB /* LaunchScreen.storyboard in Resources */,
			);
			runOnlyForDeploymentPostprocessing = 0;
		};
/* End PBXResourcesBuildPhase section */

/* Begin PBXSourcesBuildPhase section */
		CA4311991E4DB75F0053C8FC /* Sources */ = {
			isa = PBXSourcesBuildPhase;
			buildActionMask = 2147483647;
			files = (
				CADC90961F61339200C050DB /* IconView.swift in Sources */,
				CADC908F1F61339200C050DB /* AppDelegate.swift in Sources */,
				CA0BC1D51F616487003A7235 /* IconCell.swift in Sources */,
				CADC90981F61339200C050DB /* ViewController.swift in Sources */,
				CADC90921F61339200C050DB /* TopCell.swift in Sources */,
			);
			runOnlyForDeploymentPostprocessing = 0;
		};
/* End PBXSourcesBuildPhase section */

/* Begin PBXVariantGroup section */
		CADC90821F61339200C050DB /* LaunchScreen.storyboard */ = {
			isa = PBXVariantGroup;
			children = (
				CADC90831F61339200C050DB /* Base */,
			);
			name = LaunchScreen.storyboard;
			sourceTree = "<group>";
		};
/* End PBXVariantGroup section */

/* Begin XCBuildConfiguration section */
		CA4311AD1E4DB75F0053C8FC /* Debug */ = {
			isa = XCBuildConfiguration;
			buildSettings = {
				ALWAYS_SEARCH_USER_PATHS = NO;
				CLANG_ANALYZER_NONNULL = YES;
				CLANG_CXX_LANGUAGE_STANDARD = "gnu++0x";
				CLANG_CXX_LIBRARY = "libc++";
				CLANG_ENABLE_MODULES = YES;
				CLANG_ENABLE_OBJC_ARC = YES;
				CLANG_WARN_BOOL_CONVERSION = YES;
				CLANG_WARN_CONSTANT_CONVERSION = YES;
				CLANG_WARN_DIRECT_OBJC_ISA_USAGE = YES_ERROR;
				CLANG_WARN_DOCUMENTATION_COMMENTS = YES;
				CLANG_WARN_EMPTY_BODY = YES;
				CLANG_WARN_ENUM_CONVERSION = YES;
				CLANG_WARN_INFINITE_RECURSION = YES;
				CLANG_WARN_INT_CONVERSION = YES;
				CLANG_WARN_OBJC_ROOT_CLASS = YES_ERROR;
				CLANG_WARN_SUSPICIOUS_MOVE = YES;
				CLANG_WARN_UNREACHABLE_CODE = YES;
				CLANG_WARN__DUPLICATE_METHOD_MATCH = YES;
				"CODE_SIGN_IDENTITY[sdk=iphoneos*]" = "iPhone Developer";
				COPY_PHASE_STRIP = NO;
				DEBUG_INFORMATION_FORMAT = dwarf;
				ENABLE_STRICT_OBJC_MSGSEND = YES;
				ENABLE_TESTABILITY = YES;
				GCC_C_LANGUAGE_STANDARD = gnu99;
				GCC_DYNAMIC_NO_PIC = NO;
				GCC_NO_COMMON_BLOCKS = YES;
				GCC_OPTIMIZATION_LEVEL = 0;
				GCC_PREPROCESSOR_DEFINITIONS = (
					"DEBUG=1",
					"$(inherited)",
				);
				GCC_WARN_64_TO_32_BIT_CONVERSION = YES;
				GCC_WARN_ABOUT_RETURN_TYPE = YES_ERROR;
				GCC_WARN_UNDECLARED_SELECTOR = YES;
				GCC_WARN_UNINITIALIZED_AUTOS = YES_AGGRESSIVE;
				GCC_WARN_UNUSED_FUNCTION = YES;
				GCC_WARN_UNUSED_VARIABLE = YES;
				IPHONEOS_DEPLOYMENT_TARGET = 10.2;
				MTL_ENABLE_DEBUG_INFO = YES;
				ONLY_ACTIVE_ARCH = YES;
				SDKROOT = iphoneos;
				SWIFT_ACTIVE_COMPILATION_CONDITIONS = DEBUG;
				SWIFT_OPTIMIZATION_LEVEL = "-Onone";
			};
			name = Debug;
		};
		CA4311AE1E4DB75F0053C8FC /* Release */ = {
			isa = XCBuildConfiguration;
			buildSettings = {
				ALWAYS_SEARCH_USER_PATHS = NO;
				CLANG_ANALYZER_NONNULL = YES;
				CLANG_CXX_LANGUAGE_STANDARD = "gnu++0x";
				CLANG_CXX_LIBRARY = "libc++";
				CLANG_ENABLE_MODULES = YES;
				CLANG_ENABLE_OBJC_ARC = YES;
				CLANG_WARN_BOOL_CONVERSION = YES;
				CLANG_WARN_CONSTANT_CONVERSION = YES;
				CLANG_WARN_DIRECT_OBJC_ISA_USAGE = YES_ERROR;
				CLANG_WARN_DOCUMENTATION_COMMENTS = YES;
				CLANG_WARN_EMPTY_BODY = YES;
				CLANG_WARN_ENUM_CONVERSION = YES;
				CLANG_WARN_INFINITE_RECURSION = YES;
				CLANG_WARN_INT_CONVERSION = YES;
				CLANG_WARN_OBJC_ROOT_CLASS = YES_ERROR;
				CLANG_WARN_SUSPICIOUS_MOVE = YES;
				CLANG_WARN_UNREACHABLE_CODE = YES;
				CLANG_WARN__DUPLICATE_METHOD_MATCH = YES;
				"CODE_SIGN_IDENTITY[sdk=iphoneos*]" = "iPhone Developer";
				COPY_PHASE_STRIP = NO;
				DEBUG_INFORMATION_FORMAT = "dwarf-with-dsym";
				ENABLE_NS_ASSERTIONS = NO;
				ENABLE_STRICT_OBJC_MSGSEND = YES;
				GCC_C_LANGUAGE_STANDARD = gnu99;
				GCC_NO_COMMON_BLOCKS = YES;
				GCC_WARN_64_TO_32_BIT_CONVERSION = YES;
				GCC_WARN_ABOUT_RETURN_TYPE = YES_ERROR;
				GCC_WARN_UNDECLARED_SELECTOR = YES;
				GCC_WARN_UNINITIALIZED_AUTOS = YES_AGGRESSIVE;
				GCC_WARN_UNUSED_FUNCTION = YES;
				GCC_WARN_UNUSED_VARIABLE = YES;
				IPHONEOS_DEPLOYMENT_TARGET = 10.2;
				MTL_ENABLE_DEBUG_INFO = NO;
				SDKROOT = iphoneos;
				SWIFT_OPTIMIZATION_LEVEL = "-Owholemodule";
				VALIDATE_PRODUCT = YES;
			};
			name = Release;
		};
		CA4311B01E4DB75F0053C8FC /* Debug */ = {
			isa = XCBuildConfiguration;
			buildSettings = {
				ASSETCATALOG_COMPILER_APPICON_NAME = AppIcon;
				DEVELOPMENT_TEAM = 8WST4EHM45;
				INFOPLIST_FILE = "oikawa-fight/Info.plist";
				LD_RUNPATH_SEARCH_PATHS = "$(inherited) @executable_path/Frameworks";
				PRODUCT_BUNDLE_IDENTIFIER = "hina.oikawa-fight";
				PRODUCT_NAME = "$(TARGET_NAME)";
				SWIFT_VERSION = 3.0;
			};
			name = Debug;
		};
		CA4311B11E4DB75F0053C8FC /* Release */ = {
			isa = XCBuildConfiguration;
			buildSettings = {
				ASSETCATALOG_COMPILER_APPICON_NAME = AppIcon;
				DEVELOPMENT_TEAM = 8WST4EHM45;
				INFOPLIST_FILE = "oikawa-fight/Info.plist";
				LD_RUNPATH_SEARCH_PATHS = "$(inherited) @executable_path/Frameworks";
				PRODUCT_BUNDLE_IDENTIFIER = "hina.oikawa-fight";
				PRODUCT_NAME = "$(TARGET_NAME)";
				SWIFT_VERSION = 3.0;
			};
			name = Release;
		};
/* End XCBuildConfiguration section */

/* Begin XCConfigurationList section */
		CA4311981E4DB75F0053C8FC /* Build configuration list for PBXProject "oikawa-fight" */ = {
			isa = XCConfigurationList;
			buildConfigurations = (
				CA4311AD1E4DB75F0053C8FC /* Debug */,
				CA4311AE1E4DB75F0053C8FC /* Release */,
			);
			defaultConfigurationIsVisible = 0;
			defaultConfigurationName = Release;
		};
		CA4311AF1E4DB75F0053C8FC /* Build configuration list for PBXNativeTarget "oikawa-fight" */ = {
			isa = XCConfigurationList;
			buildConfigurations = (
				CA4311B01E4DB75F0053C8FC /* Debug */,
				CA4311B11E4DB75F0053C8FC /* Release */,
			);
			defaultConfigurationIsVisible = 0;
			defaultConfigurationName = Release;
		};
/* End XCConfigurationList section */
	};
	rootObject = CA4311951E4DB75F0053C8FC /* Project object */;
}
