// !$*UTF8*$!
{
	archiveVersion = 1;
	classes = {
	};
	objectVersion = 46;
	objects = {

/* Begin PBXBuildFile section */
		CA1B6E442073B07F007E50E3 /* RxBlocking.framework in Frameworks */ = {isa = PBXBuildFile; fileRef = CA687A9820711AA300E7D5A2 /* RxBlocking.framework */; };
		CA1B6E452073B07F007E50E3 /* RxCocoa.framework in Frameworks */ = {isa = PBXBuildFile; fileRef = CA687A9920711AA300E7D5A2 /* RxCocoa.framework */; };
		CA1B6E462073B07F007E50E3 /* RxDataSources.framework in Frameworks */ = {isa = PBXBuildFile; fileRef = CA687A9620711AA200E7D5A2 /* RxDataSources.framework */; };
		CA1B6E472073B07F007E50E3 /* RxSwift.framework in Frameworks */ = {isa = PBXBuildFile; fileRef = CA687A9B20711AA300E7D5A2 /* RxSwift.framework */; };
		CA1B6E482073B07F007E50E3 /* RxTest.framework in Frameworks */ = {isa = PBXBuildFile; fileRef = CA687A9720711AA300E7D5A2 /* RxTest.framework */; };
		CA499970207520AE0062085F /* oikawa_fightTests.swift in Sources */ = {isa = PBXBuildFile; fileRef = CA49996F207520AE0062085F /* oikawa_fightTests.swift */; };
		CA499977207520BA0062085F /* sample.swift in Sources */ = {isa = PBXBuildFile; fileRef = CA49996620751F990062085F /* sample.swift */; };
		CA8B1D2F2073AAB600A10D59 /* AppDelegate.swift in Sources */ = {isa = PBXBuildFile; fileRef = CA8B1D242073AAB600A10D59 /* AppDelegate.swift */; };
		CA8B1D342073AAB600A10D59 /* RxTableViewCell.swift in Sources */ = {isa = PBXBuildFile; fileRef = CA8B1D2B2073AAB600A10D59 /* RxTableViewCell.swift */; };
		CA8B1D362073AAB600A10D59 /* ViewController.swift in Sources */ = {isa = PBXBuildFile; fileRef = CA8B1D2D2073AAB600A10D59 /* ViewController.swift */; };
		CA8B1D372073AAB600A10D59 /* ViewModel.swift in Sources */ = {isa = PBXBuildFile; fileRef = CA8B1D2E2073AAB600A10D59 /* ViewModel.swift */; };
/* End PBXBuildFile section */

/* Begin PBXContainerItemProxy section */
		CA499972207520AE0062085F /* PBXContainerItemProxy */ = {
			isa = PBXContainerItemProxy;
			containerPortal = CA4311951E4DB75F0053C8FC /* Project object */;
			proxyType = 1;
			remoteGlobalIDString = CA43119C1E4DB75F0053C8FC;
			remoteInfo = "oikawa-fight";
		};
/* End PBXContainerItemProxy section */

/* Begin PBXCopyFilesBuildPhase section */
		CA1B6E492073B0CC007E50E3 /* CopyFiles */ = {
			isa = PBXCopyFilesBuildPhase;
			buildActionMask = 2147483647;
			dstPath = "";
			dstSubfolderSpec = 10;
			files = (
			);
			runOnlyForDeploymentPostprocessing = 0;
		};
/* End PBXCopyFilesBuildPhase section */

/* Begin PBXFileReference section */
		CA43119D1E4DB75F0053C8FC /* oikawa-fight.app */ = {isa = PBXFileReference; explicitFileType = wrapper.application; includeInIndex = 0; path = "oikawa-fight.app"; sourceTree = BUILT_PRODUCTS_DIR; };
		CA49996620751F990062085F /* sample.swift */ = {isa = PBXFileReference; lastKnownFileType = sourcecode.swift; path = sample.swift; sourceTree = "<group>"; };
		CA49996D207520AE0062085F /* oikawa-fightTests.xctest */ = {isa = PBXFileReference; explicitFileType = wrapper.cfbundle; includeInIndex = 0; path = "oikawa-fightTests.xctest"; sourceTree = BUILT_PRODUCTS_DIR; };
		CA49996F207520AE0062085F /* oikawa_fightTests.swift */ = {isa = PBXFileReference; lastKnownFileType = sourcecode.swift; path = oikawa_fightTests.swift; sourceTree = "<group>"; };
		CA499971207520AE0062085F /* Info.plist */ = {isa = PBXFileReference; lastKnownFileType = text.plist.xml; path = Info.plist; sourceTree = "<group>"; };
		CA687A9620711AA200E7D5A2 /* RxDataSources.framework */ = {isa = PBXFileReference; lastKnownFileType = wrapper.framework; name = RxDataSources.framework; path = Carthage/Build/iOS/RxDataSources.framework; sourceTree = "<group>"; };
		CA687A9720711AA300E7D5A2 /* RxTest.framework */ = {isa = PBXFileReference; lastKnownFileType = wrapper.framework; name = RxTest.framework; path = Carthage/Build/iOS/RxTest.framework; sourceTree = "<group>"; };
		CA687A9820711AA300E7D5A2 /* RxBlocking.framework */ = {isa = PBXFileReference; lastKnownFileType = wrapper.framework; name = RxBlocking.framework; path = Carthage/Build/iOS/RxBlocking.framework; sourceTree = "<group>"; };
		CA687A9920711AA300E7D5A2 /* RxCocoa.framework */ = {isa = PBXFileReference; lastKnownFileType = wrapper.framework; name = RxCocoa.framework; path = Carthage/Build/iOS/RxCocoa.framework; sourceTree = "<group>"; };
		CA687A9A20711AA300E7D5A2 /* 1ADCEB1C-16F7-32D4-AD6B-CE60A2232BF4.bcsymbolmap */ = {isa = PBXFileReference; lastKnownFileType = text; name = "1ADCEB1C-16F7-32D4-AD6B-CE60A2232BF4.bcsymbolmap"; path = "Carthage/Build/iOS/1ADCEB1C-16F7-32D4-AD6B-CE60A2232BF4.bcsymbolmap"; sourceTree = "<group>"; };
		CA687A9B20711AA300E7D5A2 /* RxSwift.framework */ = {isa = PBXFileReference; lastKnownFileType = wrapper.framework; name = RxSwift.framework; path = Carthage/Build/iOS/RxSwift.framework; sourceTree = "<group>"; };
		CA8B1D242073AAB600A10D59 /* AppDelegate.swift */ = {isa = PBXFileReference; fileEncoding = 4; lastKnownFileType = sourcecode.swift; path = AppDelegate.swift; sourceTree = "<group>"; };
		CA8B1D252073AAB600A10D59 /* Assets.xcassets */ = {isa = PBXFileReference; lastKnownFileType = folder.assetcatalog; path = Assets.xcassets; sourceTree = "<group>"; };
		CA8B1D272073AAB600A10D59 /* Base */ = {isa = PBXFileReference; lastKnownFileType = file.storyboard; name = Base; path = Base.lproj/LaunchScreen.storyboard; sourceTree = "<group>"; };
		CA8B1D292073AAB600A10D59 /* Base */ = {isa = PBXFileReference; lastKnownFileType = file.storyboard; name = Base; path = Base.lproj/Main.storyboard; sourceTree = "<group>"; };
		CA8B1D2A2073AAB600A10D59 /* Info.plist */ = {isa = PBXFileReference; fileEncoding = 4; lastKnownFileType = text.plist.xml; path = Info.plist; sourceTree = "<group>"; };
		CA8B1D2B2073AAB600A10D59 /* RxTableViewCell.swift */ = {isa = PBXFileReference; fileEncoding = 4; lastKnownFileType = sourcecode.swift; path = RxTableViewCell.swift; sourceTree = "<group>"; };
		CA8B1D2C2073AAB600A10D59 /* RxTableViewCell.xib */ = {isa = PBXFileReference; fileEncoding = 4; lastKnownFileType = file.xib; path = RxTableViewCell.xib; sourceTree = "<group>"; };
		CA8B1D2D2073AAB600A10D59 /* ViewController.swift */ = {isa = PBXFileReference; fileEncoding = 4; lastKnownFileType = sourcecode.swift; path = ViewController.swift; sourceTree = "<group>"; };
		CA8B1D2E2073AAB600A10D59 /* ViewModel.swift */ = {isa = PBXFileReference; fileEncoding = 4; lastKnownFileType = sourcecode.swift; path = ViewModel.swift; sourceTree = "<group>"; };
/* End PBXFileReference section */

/* Begin PBXFrameworksBuildPhase section */
		CA43119A1E4DB75F0053C8FC /* Frameworks */ = {
			isa = PBXFrameworksBuildPhase;
			buildActionMask = 2147483647;
			files = (
				CA1B6E442073B07F007E50E3 /* RxBlocking.framework in Frameworks */,
				CA1B6E452073B07F007E50E3 /* RxCocoa.framework in Frameworks */,
				CA1B6E462073B07F007E50E3 /* RxDataSources.framework in Frameworks */,
				CA1B6E472073B07F007E50E3 /* RxSwift.framework in Frameworks */,
				CA1B6E482073B07F007E50E3 /* RxTest.framework in Frameworks */,
			);
			runOnlyForDeploymentPostprocessing = 0;
		};
		CA49996A207520AE0062085F /* Frameworks */ = {
			isa = PBXFrameworksBuildPhase;
			buildActionMask = 2147483647;
			files = (
			);
			runOnlyForDeploymentPostprocessing = 0;
		};
/* End PBXFrameworksBuildPhase section */

/* Begin PBXGroup section */
		CA4311941E4DB75F0053C8FC = {
			isa = PBXGroup;
			children = (
				CA8B1D232073AAB600A10D59 /* oikawa-fight */,
				CA49996E207520AE0062085F /* oikawa-fightTests */,
				CA43119E1E4DB75F0053C8FC /* Products */,
				CA687A9520711AA200E7D5A2 /* Frameworks */,
			);
			sourceTree = "<group>";
		};
		CA43119E1E4DB75F0053C8FC /* Products */ = {
			isa = PBXGroup;
			children = (
				CA43119D1E4DB75F0053C8FC /* oikawa-fight.app */,
				CA49996D207520AE0062085F /* oikawa-fightTests.xctest */,
			);
			name = Products;
			sourceTree = "<group>";
		};
		CA49996E207520AE0062085F /* oikawa-fightTests */ = {
			isa = PBXGroup;
			children = (
				CA49996F207520AE0062085F /* oikawa_fightTests.swift */,
				CA499971207520AE0062085F /* Info.plist */,
			);
			path = "oikawa-fightTests";
			sourceTree = "<group>";
		};
		CA687A9520711AA200E7D5A2 /* Frameworks */ = {
			isa = PBXGroup;
			children = (
				CA687A9A20711AA300E7D5A2 /* 1ADCEB1C-16F7-32D4-AD6B-CE60A2232BF4.bcsymbolmap */,
				CA687A9820711AA300E7D5A2 /* RxBlocking.framework */,
				CA687A9920711AA300E7D5A2 /* RxCocoa.framework */,
				CA687A9620711AA200E7D5A2 /* RxDataSources.framework */,
				CA687A9B20711AA300E7D5A2 /* RxSwift.framework */,
				CA687A9720711AA300E7D5A2 /* RxTest.framework */,
			);
			name = Frameworks;
			sourceTree = "<group>";
		};
		CA8B1D232073AAB600A10D59 /* oikawa-fight */ = {
			isa = PBXGroup;
			children = (
				CA8B1D242073AAB600A10D59 /* AppDelegate.swift */,
				CA8B1D252073AAB600A10D59 /* Assets.xcassets */,
				CA8B1D262073AAB600A10D59 /* LaunchScreen.storyboard */,
				CA8B1D282073AAB600A10D59 /* Main.storyboard */,
				CA8B1D2A2073AAB600A10D59 /* Info.plist */,
				CA8B1D2B2073AAB600A10D59 /* RxTableViewCell.swift */,
				CA8B1D2C2073AAB600A10D59 /* RxTableViewCell.xib */,
				CA8B1D2D2073AAB600A10D59 /* ViewController.swift */,
				CA8B1D2E2073AAB600A10D59 /* ViewModel.swift */,
				CA49996620751F990062085F /* sample.swift */,
			);
			path = "oikawa-fight";
			sourceTree = "<group>";
		};
/* End PBXGroup section */

/* Begin PBXNativeTarget section */
		CA43119C1E4DB75F0053C8FC /* oikawa-fight */ = {
			isa = PBXNativeTarget;
			buildConfigurationList = CA4311AF1E4DB75F0053C8FC /* Build configuration list for PBXNativeTarget "oikawa-fight" */;
			buildPhases = (
				CA4311991E4DB75F0053C8FC /* Sources */,
				CA43119A1E4DB75F0053C8FC /* Frameworks */,
				CA43119B1E4DB75F0053C8FC /* Resources */,
				CA8B1D222073A6AD00A10D59 /* ShellScript */,
				CA1B6E492073B0CC007E50E3 /* CopyFiles */,
			);
			buildRules = (
			);
			dependencies = (
			);
			name = "oikawa-fight";
			productName = "oikawa-fight";
			productReference = CA43119D1E4DB75F0053C8FC /* oikawa-fight.app */;
			productType = "com.apple.product-type.application";
		};
		CA49996C207520AE0062085F /* oikawa-fightTests */ = {
			isa = PBXNativeTarget;
			buildConfigurationList = CA499974207520AE0062085F /* Build configuration list for PBXNativeTarget "oikawa-fightTests" */;
			buildPhases = (
				CA499969207520AE0062085F /* Sources */,
				CA49996A207520AE0062085F /* Frameworks */,
				CA49996B207520AE0062085F /* Resources */,
			);
			buildRules = (
			);
			dependencies = (
				CA499973207520AE0062085F /* PBXTargetDependency */,
			);
			name = "oikawa-fightTests";
			productName = "oikawa-fightTests";
			productReference = CA49996D207520AE0062085F /* oikawa-fightTests.xctest */;
			productType = "com.apple.product-type.bundle.unit-test";
		};
/* End PBXNativeTarget section */

/* Begin PBXProject section */
		CA4311951E4DB75F0053C8FC /* Project object */ = {
			isa = PBXProject;
			attributes = {
				LastSwiftUpdateCheck = 0920;
				LastUpgradeCheck = 0920;
				ORGANIZATIONNAME = oikawa;
				TargetAttributes = {
					CA43119C1E4DB75F0053C8FC = {
						CreatedOnToolsVersion = 8.2.1;
						LastSwiftMigration = 0920;
						ProvisioningStyle = Automatic;
					};
					CA49996C207520AE0062085F = {
						CreatedOnToolsVersion = 9.2;
						ProvisioningStyle = Automatic;
						TestTargetID = CA43119C1E4DB75F0053C8FC;
					};
				};
			};
			buildConfigurationList = CA4311981E4DB75F0053C8FC /* Build configuration list for PBXProject "oikawa-fight" */;
			compatibilityVersion = "Xcode 3.2";
			developmentRegion = English;
			hasScannedForEncodings = 0;
			knownRegions = (
				en,
				Base,
			);
			mainGroup = CA4311941E4DB75F0053C8FC;
			productRefGroup = CA43119E1E4DB75F0053C8FC /* Products */;
			projectDirPath = "";
			projectRoot = "";
			targets = (
				CA43119C1E4DB75F0053C8FC /* oikawa-fight */,
				CA49996C207520AE0062085F /* oikawa-fightTests */,
			);
		};
/* End PBXProject section */

/* Begin PBXResourcesBuildPhase section */
		CA43119B1E4DB75F0053C8FC /* Resources */ = {
			isa = PBXResourcesBuildPhase;
			buildActionMask = 2147483647;
			files = (
			);
			runOnlyForDeploymentPostprocessing = 0;
		};
		CA49996B207520AE0062085F /* Resources */ = {
			isa = PBXResourcesBuildPhase;
			buildActionMask = 2147483647;
			files = (
			);
			runOnlyForDeploymentPostprocessing = 0;
		};
/* End PBXResourcesBuildPhase section */

/* Begin PBXShellScriptBuildPhase section */
		CA8B1D222073A6AD00A10D59 /* ShellScript */ = {
			isa = PBXShellScriptBuildPhase;
			buildActionMask = 2147483647;
			files = (
			);
			inputPaths = (
				"$(SRCROOT)/Carthage/Build/iOS/RxSwift.framework",
				"$(SRCROOT)/Carthage/Build/iOS/RxCocoa.framework",
				"$(SRCROOT)/Carthage/Build/iOS/RxBlocking.framework",
				"$(SRCROOT)/Carthage/Build/iOS/RxTest.framework",
				"$(SRCROOT)/Carthage/Build/iOS/RxDataSources.framework",
			);
			outputPaths = (
			);
			runOnlyForDeploymentPostprocessing = 0;
			shellPath = /bin/sh;
			shellScript = "/usr/local/bin/carthage copy-frameworks";
		};
/* End PBXShellScriptBuildPhase section */

/* Begin PBXSourcesBuildPhase section */
		CA4311991E4DB75F0053C8FC /* Sources */ = {
			isa = PBXSourcesBuildPhase;
			buildActionMask = 2147483647;
			files = (
				CA8B1D362073AAB600A10D59 /* ViewController.swift in Sources */,
				CA8B1D2F2073AAB600A10D59 /* AppDelegate.swift in Sources */,
				CA8B1D372073AAB600A10D59 /* ViewModel.swift in Sources */,
				CA8B1D342073AAB600A10D59 /* RxTableViewCell.swift in Sources */,
			);
			runOnlyForDeploymentPostprocessing = 0;
		};
		CA499969207520AE0062085F /* Sources */ = {
			isa = PBXSourcesBuildPhase;
			buildActionMask = 2147483647;
			files = (
				CA499970207520AE0062085F /* oikawa_fightTests.swift in Sources */,
				CA499977207520BA0062085F /* sample.swift in Sources */,
			);
			runOnlyForDeploymentPostprocessing = 0;
		};
/* End PBXSourcesBuildPhase section */

/* Begin PBXTargetDependency section */
		CA499973207520AE0062085F /* PBXTargetDependency */ = {
			isa = PBXTargetDependency;
			target = CA43119C1E4DB75F0053C8FC /* oikawa-fight */;
			targetProxy = CA499972207520AE0062085F /* PBXContainerItemProxy */;
		};
/* End PBXTargetDependency section */

/* Begin PBXVariantGroup section */
		CA8B1D262073AAB600A10D59 /* LaunchScreen.storyboard */ = {
			isa = PBXVariantGroup;
			children = (
				CA8B1D272073AAB600A10D59 /* Base */,
			);
			name = LaunchScreen.storyboard;
			sourceTree = "<group>";
		};
		CA8B1D282073AAB600A10D59 /* Main.storyboard */ = {
			isa = PBXVariantGroup;
			children = (
				CA8B1D292073AAB600A10D59 /* Base */,
			);
			name = Main.storyboard;
			sourceTree = "<group>";
		};
/* End PBXVariantGroup section */

/* Begin XCBuildConfiguration section */
		CA4311AD1E4DB75F0053C8FC /* Debug */ = {
			isa = XCBuildConfiguration;
			buildSettings = {
				ALWAYS_SEARCH_USER_PATHS = NO;
				CLANG_ANALYZER_NONNULL = YES;
				CLANG_CXX_LANGUAGE_STANDARD = "gnu++0x";
				CLANG_CXX_LIBRARY = "libc++";
				CLANG_ENABLE_MODULES = YES;
				CLANG_ENABLE_OBJC_ARC = YES;
				CLANG_WARN_BLOCK_CAPTURE_AUTORELEASING = YES;
				CLANG_WARN_BOOL_CONVERSION = YES;
				CLANG_WARN_COMMA = YES;
				CLANG_WARN_CONSTANT_CONVERSION = YES;
				CLANG_WARN_DIRECT_OBJC_ISA_USAGE = YES_ERROR;
				CLANG_WARN_DOCUMENTATION_COMMENTS = YES;
				CLANG_WARN_EMPTY_BODY = YES;
				CLANG_WARN_ENUM_CONVERSION = YES;
				CLANG_WARN_INFINITE_RECURSION = YES;
				CLANG_WARN_INT_CONVERSION = YES;
				CLANG_WARN_NON_LITERAL_NULL_CONVERSION = YES;
				CLANG_WARN_OBJC_LITERAL_CONVERSION = YES;
				CLANG_WARN_OBJC_ROOT_CLASS = YES_ERROR;
				CLANG_WARN_RANGE_LOOP_ANALYSIS = YES;
				CLANG_WARN_STRICT_PROTOTYPES = YES;
				CLANG_WARN_SUSPICIOUS_MOVE = YES;
				CLANG_WARN_UNREACHABLE_CODE = YES;
				CLANG_WARN__DUPLICATE_METHOD_MATCH = YES;
				"CODE_SIGN_IDENTITY[sdk=iphoneos*]" = "iPhone Developer";
				COPY_PHASE_STRIP = NO;
				DEBUG_INFORMATION_FORMAT = dwarf;
				ENABLE_STRICT_OBJC_MSGSEND = YES;
				ENABLE_TESTABILITY = YES;
				GCC_C_LANGUAGE_STANDARD = gnu99;
				GCC_DYNAMIC_NO_PIC = NO;
				GCC_NO_COMMON_BLOCKS = YES;
				GCC_OPTIMIZATION_LEVEL = 0;
				GCC_PREPROCESSOR_DEFINITIONS = (
					"DEBUG=1",
					"$(inherited)",
				);
				GCC_WARN_64_TO_32_BIT_CONVERSION = YES;
				GCC_WARN_ABOUT_RETURN_TYPE = YES_ERROR;
				GCC_WARN_UNDECLARED_SELECTOR = YES;
				GCC_WARN_UNINITIALIZED_AUTOS = YES_AGGRESSIVE;
				GCC_WARN_UNUSED_FUNCTION = YES;
				GCC_WARN_UNUSED_VARIABLE = YES;
				IPHONEOS_DEPLOYMENT_TARGET = 10.2;
				MTL_ENABLE_DEBUG_INFO = YES;
				ONLY_ACTIVE_ARCH = YES;
				SDKROOT = iphoneos;
				SWIFT_ACTIVE_COMPILATION_CONDITIONS = DEBUG;
				SWIFT_OPTIMIZATION_LEVEL = "-Onone";
			};
			name = Debug;
		};
		CA4311AE1E4DB75F0053C8FC /* Release */ = {
			isa = XCBuildConfiguration;
			buildSettings = {
				ALWAYS_SEARCH_USER_PATHS = NO;
				CLANG_ANALYZER_NONNULL = YES;
				CLANG_CXX_LANGUAGE_STANDARD = "gnu++0x";
				CLANG_CXX_LIBRARY = "libc++";
				CLANG_ENABLE_MODULES = YES;
				CLANG_ENABLE_OBJC_ARC = YES;
				CLANG_WARN_BLOCK_CAPTURE_AUTORELEASING = YES;
				CLANG_WARN_BOOL_CONVERSION = YES;
				CLANG_WARN_COMMA = YES;
				CLANG_WARN_CONSTANT_CONVERSION = YES;
				CLANG_WARN_DIRECT_OBJC_ISA_USAGE = YES_ERROR;
				CLANG_WARN_DOCUMENTATION_COMMENTS = YES;
				CLANG_WARN_EMPTY_BODY = YES;
				CLANG_WARN_ENUM_CONVERSION = YES;
				CLANG_WARN_INFINITE_RECURSION = YES;
				CLANG_WARN_INT_CONVERSION = YES;
				CLANG_WARN_NON_LITERAL_NULL_CONVERSION = YES;
				CLANG_WARN_OBJC_LITERAL_CONVERSION = YES;
				CLANG_WARN_OBJC_ROOT_CLASS = YES_ERROR;
				CLANG_WARN_RANGE_LOOP_ANALYSIS = YES;
				CLANG_WARN_STRICT_PROTOTYPES = YES;
				CLANG_WARN_SUSPICIOUS_MOVE = YES;
				CLANG_WARN_UNREACHABLE_CODE = YES;
				CLANG_WARN__DUPLICATE_METHOD_MATCH = YES;
				"CODE_SIGN_IDENTITY[sdk=iphoneos*]" = "iPhone Developer";
				COPY_PHASE_STRIP = NO;
				DEBUG_INFORMATION_FORMAT = "dwarf-with-dsym";
				ENABLE_NS_ASSERTIONS = NO;
				ENABLE_STRICT_OBJC_MSGSEND = YES;
				GCC_C_LANGUAGE_STANDARD = gnu99;
				GCC_NO_COMMON_BLOCKS = YES;
				GCC_WARN_64_TO_32_BIT_CONVERSION = YES;
				GCC_WARN_ABOUT_RETURN_TYPE = YES_ERROR;
				GCC_WARN_UNDECLARED_SELECTOR = YES;
				GCC_WARN_UNINITIALIZED_AUTOS = YES_AGGRESSIVE;
				GCC_WARN_UNUSED_FUNCTION = YES;
				GCC_WARN_UNUSED_VARIABLE = YES;
				IPHONEOS_DEPLOYMENT_TARGET = 10.2;
				MTL_ENABLE_DEBUG_INFO = NO;
				SDKROOT = iphoneos;
				SWIFT_OPTIMIZATION_LEVEL = "-Owholemodule";
				VALIDATE_PRODUCT = YES;
			};
			name = Release;
		};
		CA4311B01E4DB75F0053C8FC /* Debug */ = {
			isa = XCBuildConfiguration;
			buildSettings = {
				ALWAYS_EMBED_SWIFT_STANDARD_LIBRARIES = YES;
				DEFINES_MODULE = YES;
				FRAMEWORK_SEARCH_PATHS = (
					"$(inherited)",
					"$(PROJECT_DIR)/Carthage/Build/iOS",
				);
				INFOPLIST_FILE = "oikawa-fight/Info.plist";
				INSTALL_PATH = "@rpath";
				LD_RUNPATH_SEARCH_PATHS = "$(inherited) @executable_path/Frameworks";
				PRODUCT_BUNDLE_IDENTIFIER = "hina.oikawa-fight";
				PRODUCT_NAME = "$(TARGET_NAME)";
				SWIFT_SWIFT3_OBJC_INFERENCE = On;
				SWIFT_VERSION = 4.0;
			};
			name = Debug;
		};
		CA4311B11E4DB75F0053C8FC /* Release */ = {
			isa = XCBuildConfiguration;
			buildSettings = {
				ALWAYS_EMBED_SWIFT_STANDARD_LIBRARIES = YES;
				DEFINES_MODULE = YES;
				FRAMEWORK_SEARCH_PATHS = (
					"$(inherited)",
					"$(PROJECT_DIR)/Carthage/Build/iOS",
				);
				INFOPLIST_FILE = "oikawa-fight/Info.plist";
				INSTALL_PATH = "@rpath";
				LD_RUNPATH_SEARCH_PATHS = "$(inherited) @executable_path/Frameworks";
				PRODUCT_BUNDLE_IDENTIFIER = "hina.oikawa-fight";
				PRODUCT_NAME = "$(TARGET_NAME)";
				SWIFT_SWIFT3_OBJC_INFERENCE = On;
				SWIFT_VERSION = 4.0;
			};
			name = Release;
		};
		CA499975207520AE0062085F /* Debug */ = {
			isa = XCBuildConfiguration;
			buildSettings = {
				BUNDLE_LOADER = "$(TEST_HOST)";
				CLANG_ANALYZER_NUMBER_OBJECT_CONVERSION = YES_AGGRESSIVE;
				CLANG_CXX_LANGUAGE_STANDARD = "gnu++14";
				CLANG_WARN_UNGUARDED_AVAILABILITY = YES_AGGRESSIVE;
				CODE_SIGN_IDENTITY = "iPhone Developer";
				CODE_SIGN_STYLE = Automatic;
				GCC_C_LANGUAGE_STANDARD = gnu11;
				INFOPLIST_FILE = "oikawa-fightTests/Info.plist";
				IPHONEOS_DEPLOYMENT_TARGET = 11.2;
				LD_RUNPATH_SEARCH_PATHS = "$(inherited) @executable_path/Frameworks @loader_path/Frameworks";
				PRODUCT_BUNDLE_IDENTIFIER = "pippi.oikawa-fightTests";
				PRODUCT_NAME = "$(TARGET_NAME)";
				SWIFT_VERSION = 4.0;
				TARGETED_DEVICE_FAMILY = "1,2";
				TEST_HOST = "$(BUILT_PRODUCTS_DIR)/oikawa-fight.app/oikawa-fight";
			};
			name = Debug;
		};
		CA499976207520AE0062085F /* Release */ = {
			isa = XCBuildConfiguration;
			buildSettings = {
				BUNDLE_LOADER = "$(TEST_HOST)";
				CLANG_ANALYZER_NUMBER_OBJECT_CONVERSION = YES_AGGRESSIVE;
				CLANG_CXX_LANGUAGE_STANDARD = "gnu++14";
				CLANG_WARN_UNGUARDED_AVAILABILITY = YES_AGGRESSIVE;
				CODE_SIGN_IDENTITY = "iPhone Developer";
				CODE_SIGN_STYLE = Automatic;
				GCC_C_LANGUAGE_STANDARD = gnu11;
				INFOPLIST_FILE = "oikawa-fightTests/Info.plist";
				IPHONEOS_DEPLOYMENT_TARGET = 11.2;
				LD_RUNPATH_SEARCH_PATHS = "$(inherited) @executable_path/Frameworks @loader_path/Frameworks";
				PRODUCT_BUNDLE_IDENTIFIER = "pippi.oikawa-fightTests";
				PRODUCT_NAME = "$(TARGET_NAME)";
				SWIFT_VERSION = 4.0;
				TARGETED_DEVICE_FAMILY = "1,2";
				TEST_HOST = "$(BUILT_PRODUCTS_DIR)/oikawa-fight.app/oikawa-fight";
			};
			name = Release;
		};
/* End XCBuildConfiguration section */

/* Begin XCConfigurationList section */
		CA4311981E4DB75F0053C8FC /* Build configuration list for PBXProject "oikawa-fight" */ = {
			isa = XCConfigurationList;
			buildConfigurations = (
				CA4311AD1E4DB75F0053C8FC /* Debug */,
				CA4311AE1E4DB75F0053C8FC /* Release */,
			);
			defaultConfigurationIsVisible = 0;
			defaultConfigurationName = Release;
		};
		CA4311AF1E4DB75F0053C8FC /* Build configuration list for PBXNativeTarget "oikawa-fight" */ = {
			isa = XCConfigurationList;
			buildConfigurations = (
				CA4311B01E4DB75F0053C8FC /* Debug */,
				CA4311B11E4DB75F0053C8FC /* Release */,
			);
			defaultConfigurationIsVisible = 0;
			defaultConfigurationName = Release;
		};
		CA499974207520AE0062085F /* Build configuration list for PBXNativeTarget "oikawa-fightTests" */ = {
			isa = XCConfigurationList;
			buildConfigurations = (
				CA499975207520AE0062085F /* Debug */,
				CA499976207520AE0062085F /* Release */,
			);
			defaultConfigurationIsVisible = 0;
			defaultConfigurationName = Release;
		};
/* End XCConfigurationList section */
	};
	rootObject = CA4311951E4DB75F0053C8FC /* Project object */;
}
